{
  "requires": true,
  "lockfileVersion": 1,
  "dependencies": {
    "@definitelynotsam/matrix-utils": {
      "version": "1.0.0",
      "resolved": "https://registry.npmjs.org/@definitelynotsam/matrix-utils/-/matrix-utils-1.0.0.tgz",
      "integrity": "sha512-K9NA67/vfYM/HmH1dwwm+sr3aPexNcoUXrVn0SD4VoIICpNOJcW3LJzFkLFUjO+VgQ9v1Gd/qcelUMEM/6+1iA=="
    }
  }
}
